
Microsoft Visual Studio Solution File, Format Version 12.00
# Visual Studio Version 17
VisualStudioVersion = 17.14.36915.13 d17.14
MinimumVisualStudioVersion = 10.0.40219.1
Project("{FAE04EC0-301F-11D3-BF4B-00C04F79EFBC}") = "CabinSwap", "CabinSwap\CabinSwap.csproj", "{E34F2B8B-170C-4EB3-B1D8-2D831917975C}"
EndProject
Global
	GlobalSection(SolutionConfigurationPlatforms) = preSolution
		Debug|Any CPU = Debug|Any CPU
		Release|Any CPU = Release|Any CPU
	EndGlobalSection
	GlobalSection(ProjectConfigurationPlatforms) = postSolution
		{E34F2B8B-170C-4EB3-B1D8-2D831917975C}.Debug|Any CPU.ActiveCfg = Debug|Any CPU
		{E34F2B8B-170C-4EB3-B1D8-2D831917975C}.Debug|Any CPU.Build.0 = Debug|Any CPU
		{E34F2B8B-170C-4EB3-B1D8-2D831917975C}.Release|Any CPU.ActiveCfg = Release|Any CPU
		{E34F2B8B-170C-4EB3-B1D8-2D831917975C}.Release|Any CPU.Build.0 = Release|Any CPU
	EndGlobalSection
	GlobalSection(SolutionProperties) = preSolution
		HideSolutionNode = FALSE
	EndGlobalSection
	GlobalSection(ExtensibilityGlobals) = postSolution
		SolutionGuid = {01B46684-6170-4844-896A-8B8F0D421176}
	EndGlobalSection
EndGlobal
